# THIS IS AN AUTOGENERATED FILE. DO NOT EDIT THIS FILE DIRECTLY.
# yarn lockfile v1


"@types/kafka-node@^2.0.3":
  version "2.0.9"
  resolved "http://10.12.6.144:4873/@types%2fkafka-node/-/kafka-node-2.0.9.tgz#449bbdae1a28316ccce987cf68a8c00deddaa337"
  dependencies:
    "@types/node" "*"

"@types/node@*":
  version "12.7.12"
  resolved "http://10.12.6.144:4873/@types%2fnode/-/node-12.7.12.tgz#7c6c571cc2f3f3ac4a59a5f2bd48f5bdbc8653cc"

accepts@^1.3.4, accepts@~1.3.7:
  version "1.3.7"
  resolved "http://10.12.6.144:4873/accepts/-/accepts-1.3.7.tgz#531bc726517a3b2b41f850021c6cc15eaab507cd"
  dependencies:
    mime-types "~2.1.24"
    negotiator "0.6.2"

ansi-regex@^2.0.0:
  version "2.1.1"
  resolved "http://10.12.6.144:4873/ansi-regex/-/ansi-regex-2.1.1.tgz#c3b33ab5ee360d86e0e628f0468ae7ef27d654df"

ansi-regex@^3.0.0:
  version "3.0.0"
  resolved "http://10.12.6.144:4873/ansi-regex/-/ansi-regex-3.0.0.tgz#ed0317c322064f79466c02966bddb605ab37d998"

aproba@^1.0.3:
  version "1.2.0"
  resolved "http://10.12.6.144:4873/aproba/-/aproba-1.2.0.tgz#6802e6264efd18c790a1b0d517f0f2627bf2c94a"

are-we-there-yet@~1.1.2:
  version "1.1.5"
  resolved "http://10.12.6.144:4873/are-we-there-yet/-/are-we-there-yet-1.1.5.tgz#4b35c2944f062a8bfcda66410760350fe9ddfc21"
  dependencies:
    delegates "^1.0.0"
    readable-stream "^2.0.6"

array-flatten@1.1.1, array-flatten@^1.1.1:
  version "1.1.1"
  resolved "http://10.12.6.144:4873/array-flatten/-/array-flatten-1.1.1.tgz#9a5f699051b1e7073328f2a008968b64ea2955d2"

async-limiter@~1.0.0:
  version "1.0.1"
  resolved "http://10.12.6.144:4873/async-limiter/-/async-limiter-1.0.1.tgz#dd379e94f0db8310b08291f9d64c3209766617fd"

async@^2.5.0:
  version "2.6.3"
  resolved "http://10.12.6.144:4873/async/-/async-2.6.3.tgz#d72625e2344a3656e3a3ad4fa749fa83299d82ff"
  dependencies:
    lodash "^4.17.14"

async@~0.2.7:
  version "0.2.10"
  resolved "http://10.12.6.144:4873/async/-/async-0.2.10.tgz#b6bbe0b0674b9d719708ca38de8c237cb526c3d1"

balanced-match@^1.0.0:
  version "1.0.0"
  resolved "http://10.12.6.144:4873/balanced-match/-/balanced-match-1.0.0.tgz#89b4d199ab2bee49de164ea02b89ce462d71b767"

binary@~0.3.0:
  version "0.3.0"
  resolved "http://10.12.6.144:4873/binary/-/binary-0.3.0.tgz#9f60553bc5ce8c3386f3b553cff47462adecaa79"
  dependencies:
    buffers "~0.1.1"
    chainsaw "~0.1.0"

bindings@^1.3.1:
  version "1.5.0"
  resolved "http://10.12.6.144:4873/bindings/-/bindings-1.5.0.tgz#10353c9e945334bc0511a6d90b38fbc7c9c504df"
  dependencies:
    file-uri-to-path "1.0.0"

bl@^1.2.0:
  version "1.2.2"
  resolved "http://10.12.6.144:4873/bl/-/bl-1.2.2.tgz#a160911717103c07410cef63ef51b397c025af9c"
  dependencies:
    readable-stream "^2.3.5"
    safe-buffer "^5.1.1"

bl@^3.0.0:
  version "3.0.0"
  resolved "http://10.12.6.144:4873/bl/-/bl-3.0.0.tgz#3611ec00579fd18561754360b21e9f784500ff88"
  dependencies:
    readable-stream "^3.0.1"

body-parser@1.19.0, body-parser@^1.18.2:
  version "1.19.0"
  resolved "http://10.12.6.144:4873/body-parser/-/body-parser-1.19.0.tgz#96b2709e57c9c4e09a6fd66a8fd979844f69f08a"
  dependencies:
    bytes "3.1.0"
    content-type "~1.0.4"
    debug "2.6.9"
    depd "~1.1.2"
    http-errors "1.7.2"
    iconv-lite "0.4.24"
    on-finished "~2.3.0"
    qs "6.7.0"
    raw-body "2.4.0"
    type-is "~1.6.17"

brace-expansion@^1.1.7:
  version "1.1.11"
  resolved "http://10.12.6.144:4873/brace-expansion/-/brace-expansion-1.1.11.tgz#3c7fcbf529d87226f3d2f52b966ff5271eb441dd"
  dependencies:
    balanced-match "^1.0.0"
    concat-map "0.0.1"

buffer-crc32@~0.2.5:
  version "0.2.13"
  resolved "http://10.12.6.144:4873/buffer-crc32/-/buffer-crc32-0.2.13.tgz#0d333e3f00eac50aa1454abd30ef8c2a5d9a7242"

buffermaker@~1.2.0:
  version "1.2.1"
  resolved "http://10.12.6.144:4873/buffermaker/-/buffermaker-1.2.1.tgz#0631f92b891a84b750f1036491ac857c734429f4"
  dependencies:
    long "1.1.2"

buffers@~0.1.1:
  version "0.1.1"
  resolved "http://10.12.6.144:4873/buffers/-/buffers-0.1.1.tgz#b24579c3bed4d6d396aeee6d9a8ae7f5482ab7bb"

bytes@3.1.0, bytes@^3.0.0:
  version "3.1.0"
  resolved "http://10.12.6.144:4873/bytes/-/bytes-3.1.0.tgz#f6cf7933a360e0588fa9fde85651cdc7f805d1f6"

chainsaw@~0.1.0:
  version "0.1.0"
  resolved "http://10.12.6.144:4873/chainsaw/-/chainsaw-0.1.0.tgz#5eab50b28afe58074d0d58291388828b5e5fbc98"
  dependencies:
    traverse ">=0.3.0 <0.4"

chownr@^1.1.1:
  version "1.1.3"
  resolved "http://10.12.6.144:4873/chownr/-/chownr-1.1.3.tgz#42d837d5239688d55f303003a508230fa6727142"

code-point-at@^1.0.0:
  version "1.1.0"
  resolved "http://10.12.6.144:4873/code-point-at/-/code-point-at-1.1.0.tgz#0d070b4d043a5bea33a2f1a40e2edb3d9a4ccf77"

concat-map@0.0.1:
  version "0.0.1"
  resolved "http://10.12.6.144:4873/concat-map/-/concat-map-0.0.1.tgz#d8a96bd77fd68df7793a73036a3ba0d5405d477b"

console-control-strings@^1.0.0, console-control-strings@~1.1.0:
  version "1.1.0"
  resolved "http://10.12.6.144:4873/console-control-strings/-/console-control-strings-1.1.0.tgz#3d7cf4464db6446ea644bf4b39507f9851008e8e"

content-disposition@0.5.3, content-disposition@^0.5.2:
  version "0.5.3"
  resolved "http://10.12.6.144:4873/content-disposition/-/content-disposition-0.5.3.tgz#e130caf7e7279087c5616c2007d0485698984fbd"
  dependencies:
    safe-buffer "5.1.2"

content-type@^1.0.4, content-type@~1.0.4:
  version "1.0.4"
  resolved "http://10.12.6.144:4873/content-type/-/content-type-1.0.4.tgz#e138cc75e040c727b1966fe5e5f8c9aee256fe3b"

cookie-signature@1.0.6:
  version "1.0.6"
  resolved "http://10.12.6.144:4873/cookie-signature/-/cookie-signature-1.0.6.tgz#e303a882b342cc3ee8ca513a79999734dab3ae2c"

cookie-signature@^1.0.6:
  version "1.1.0"
  resolved "http://10.12.6.144:4873/cookie-signature/-/cookie-signature-1.1.0.tgz#cc94974f91fb9a9c1bb485e95fc2b7f4b120aff2"

cookie@0.4.0:
  version "0.4.0"
  resolved "http://10.12.6.144:4873/cookie/-/cookie-0.4.0.tgz#beb437e7022b3b6d49019d088665303ebe9c14ba"

cookie@^0.3.1:
  version "0.3.1"
  resolved "http://10.12.6.144:4873/cookie/-/cookie-0.3.1.tgz#e7e0a1f9ef43b4c8ba925c5c5a96e806d16873bb"

core-util-is@~1.0.0:
  version "1.0.2"
  resolved "http://10.12.6.144:4873/core-util-is/-/core-util-is-1.0.2.tgz#b5fd54220aa2bc5ab57aab7140c940754503c1a7"

debug@2.6.9, debug@^2.1.3, debug@^2.6.9:
  version "2.6.9"
  resolved "http://10.12.6.144:4873/debug/-/debug-2.6.9.tgz#5d128515df134ff327e90a4c93f4e077a536341f"
  dependencies:
    ms "2.0.0"

decompress-response@^4.2.0:
  version "4.2.1"
  resolved "http://10.12.6.144:4873/decompress-response/-/decompress-response-4.2.1.tgz#414023cc7a302da25ce2ec82d0d5238ccafd8986"
  dependencies:
    mimic-response "^2.0.0"

deep-extend@^0.6.0:
  version "0.6.0"
  resolved "http://10.12.6.144:4873/deep-extend/-/deep-extend-0.6.0.tgz#c4fa7c95404a17a9c3e8ca7e1537312b736330ac"

delegates@^1.0.0:
  version "1.0.0"
  resolved "http://10.12.6.144:4873/delegates/-/delegates-1.0.0.tgz#84c6e159b81904fdca59a0ef44cd870d31250f9a"

depd@^1.1.1, depd@~1.1.2:
  version "1.1.2"
  resolved "http://10.12.6.144:4873/depd/-/depd-1.1.2.tgz#9bcd52e14c097763e749b274c4346ed2e560b5a9"

destroy@^1.0.4, destroy@~1.0.4:
  version "1.0.4"
  resolved "http://10.12.6.144:4873/destroy/-/destroy-1.0.4.tgz#978857442c44749e4206613e37946205826abd80"

detect-libc@^1.0.3:
  version "1.0.3"
  resolved "http://10.12.6.144:4873/detect-libc/-/detect-libc-1.0.3.tgz#fa137c4bd698edf55cd5cd02ac559f91a4c4ba9b"

ee-first@1.1.1, ee-first@^1.1.1:
  version "1.1.1"
  resolved "http://10.12.6.144:4873/ee-first/-/ee-first-1.1.1.tgz#590c61156b0ae2f4f0255732a158b266bc56b21d"

encodeurl@^1.0.1, encodeurl@~1.0.2:
  version "1.0.2"
  resolved "http://10.12.6.144:4873/encodeurl/-/encodeurl-1.0.2.tgz#ad3ff4c86ec2d029322f5a02c3a9a606c95b3f59"

end-of-stream@^1.1.0, end-of-stream@^1.4.1:
  version "1.4.4"
  resolved "http://10.12.6.144:4873/end-of-stream/-/end-of-stream-1.4.4.tgz#5ae64a5f45057baf3626ec14da0ca5e4b2431eb0"
  dependencies:
    once "^1.4.0"

escape-html@^1.0.3, escape-html@~1.0.3:
  version "1.0.3"
  resolved "http://10.12.6.144:4873/escape-html/-/escape-html-1.0.3.tgz#0258eae4d3d0c0974de1c169188ef0051d1d1988"

etag@^1.8.1, etag@~1.8.1:
  version "1.8.1"
  resolved "http://10.12.6.144:4873/etag/-/etag-1.8.1.tgz#41ae2eeb65efa62268aebfea83ac7d79299b0887"

expand-template@^2.0.3:
  version "2.0.3"
  resolved "http://10.12.6.144:4873/expand-template/-/expand-template-2.0.3.tgz#6e14b3fcee0f3a6340ecb57d2e8918692052a47c"

express@^4.16.2:
  version "4.17.1"
  resolved "http://10.12.6.144:4873/express/-/express-4.17.1.tgz#4491fc38605cf51f8629d39c2b5d026f98a4c134"
  dependencies:
    accepts "~1.3.7"
    array-flatten "1.1.1"
    body-parser "1.19.0"
    content-disposition "0.5.3"
    content-type "~1.0.4"
    cookie "0.4.0"
    cookie-signature "1.0.6"
    debug "2.6.9"
    depd "~1.1.2"
    encodeurl "~1.0.2"
    escape-html "~1.0.3"
    etag "~1.8.1"
    finalhandler "~1.1.2"
    fresh "0.5.2"
    merge-descriptors "1.0.1"
    methods "~1.1.2"
    on-finished "~2.3.0"
    parseurl "~1.3.3"
    path-to-regexp "0.1.7"
    proxy-addr "~2.0.5"
    qs "6.7.0"
    range-parser "~1.2.1"
    safe-buffer "5.1.2"
    send "0.17.1"
    serve-static "1.14.1"
    setprototypeof "1.1.1"
    statuses "~1.5.0"
    type-is "~1.6.18"
    utils-merge "1.0.1"
    vary "~1.1.2"

file-uri-to-path@1.0.0:
  version "1.0.0"
  resolved "http://10.12.6.144:4873/file-uri-to-path/-/file-uri-to-path-1.0.0.tgz#553a7b8446ff6f684359c445f1e37a05dacc33dd"

finalhandler@^1.1.0, finalhandler@~1.1.2:
  version "1.1.2"
  resolved "http://10.12.6.144:4873/finalhandler/-/finalhandler-1.1.2.tgz#b7e7d000ffd11938d0fdb053506f6ebabe9f587d"
  dependencies:
    debug "2.6.9"
    encodeurl "~1.0.2"
    escape-html "~1.0.3"
    on-finished "~2.3.0"
    parseurl "~1.3.3"
    statuses "~1.5.0"
    unpipe "~1.0.0"

forwarded@^0.1.2, forwarded@~0.1.2:
  version "0.1.2"
  resolved "http://10.12.6.144:4873/forwarded/-/forwarded-0.1.2.tgz#98c23dab1175657b8c0573e8ceccd91b0ff18c84"

fresh@0.5.2, fresh@^0.5.2:
  version "0.5.2"
  resolved "http://10.12.6.144:4873/fresh/-/fresh-0.5.2.tgz#3d8cadd90d976569fa835ab1f8e4b23a105605a7"

fs-constants@^1.0.0:
  version "1.0.0"
  resolved "http://10.12.6.144:4873/fs-constants/-/fs-constants-1.0.0.tgz#6be0de9be998ce16af8afc24497b9ee9b7ccd9ad"

gauge@~2.7.3:
  version "2.7.4"
  resolved "http://10.12.6.144:4873/gauge/-/gauge-2.7.4.tgz#2c03405c7538c39d7eb37b317022e325fb018bf7"
  dependencies:
    aproba "^1.0.3"
    console-control-strings "^1.0.0"
    has-unicode "^2.0.0"
    object-assign "^4.1.0"
    signal-exit "^3.0.0"
    string-width "^1.0.1"
    strip-ansi "^3.0.1"
    wide-align "^1.1.0"

github-from-package@0.0.0:
  version "0.0.0"
  resolved "http://10.12.6.144:4873/github-from-package/-/github-from-package-0.0.0.tgz#97fb5d96bfde8973313f20e8288ef9a167fa64ce"

has-unicode@^2.0.0:
  version "2.0.1"
  resolved "http://10.12.6.144:4873/has-unicode/-/has-unicode-2.0.1.tgz#e0e6fe6a28cf51138855e086d1691e771de2a8b9"

http-errors@1.7.2:
  version "1.7.2"
  resolved "http://10.12.6.144:4873/http-errors/-/http-errors-1.7.2.tgz#4f5029cf13239f31036e5b2e55292bcfbcc85c8f"
  dependencies:
    depd "~1.1.2"
    inherits "2.0.3"
    setprototypeof "1.1.1"
    statuses ">= 1.5.0 < 2"
    toidentifier "1.0.0"

http-errors@1.7.3, http-errors@^1.6.2, http-errors@~1.7.2:
  version "1.7.3"
  resolved "http://10.12.6.144:4873/http-errors/-/http-errors-1.7.3.tgz#6c619e4f9c60308c38519498c14fbb10aacebb06"
  dependencies:
    depd "~1.1.2"
    inherits "2.0.4"
    setprototypeof "1.1.1"
    statuses ">= 1.5.0 < 2"
    toidentifier "1.0.0"

http-errors@~1.6.2:
  version "1.6.3"
  resolved "http://10.12.6.144:4873/http-errors/-/http-errors-1.6.3.tgz#8b55680bb4be283a0b5bf4ea2e38580be1d9320d"
  dependencies:
    depd "~1.1.2"
    inherits "2.0.3"
    setprototypeof "1.1.0"
    statuses ">= 1.4.0 < 2"

iconv-lite@0.4.24, iconv-lite@^0.4.19:
  version "0.4.24"
  resolved "http://10.12.6.144:4873/iconv-lite/-/iconv-lite-0.4.24.tgz#2022b4b25fbddc21d2f524974a474aafe733908b"
  dependencies:
    safer-buffer ">= 2.1.2 < 3"

inherits@2.0.3:
  version "2.0.3"
  resolved "http://10.12.6.144:4873/inherits/-/inherits-2.0.3.tgz#633c2c83e3da42a502f52466022480f4208261de"

inherits@2.0.4, inherits@^2.0.3, inherits@~2.0.3:
  version "2.0.4"
  resolved "http://10.12.6.144:4873/inherits/-/inherits-2.0.4.tgz#0fa2c64f932917c3433a0ded55363aae37416b7c"

ini@~1.3.0:
  version "1.3.5"
  resolved "http://10.12.6.144:4873/ini/-/ini-1.3.5.tgz#eee25f56db1c9ec6085e0c22778083f596abf927"

ipaddr.js@1.9.0:
  version "1.9.0"
  resolved "http://10.12.6.144:4873/ipaddr.js/-/ipaddr.js-1.9.0.tgz#37df74e430a0e47550fe54a2defe30d8acd95f65"

ipaddr.js@^1.5.2:
  version "1.9.1"
  resolved "http://10.12.6.144:4873/ipaddr.js/-/ipaddr.js-1.9.1.tgz#bff38543eeb8984825079ff3a2a8e6cbd46781b3"

is-fullwidth-code-point@^1.0.0:
  version "1.0.0"
  resolved "http://10.12.6.144:4873/is-fullwidth-code-point/-/is-fullwidth-code-point-1.0.0.tgz#ef9e31386f031a7f0d643af82fde50c457ef00cb"
  dependencies:
    number-is-nan "^1.0.0"

is-fullwidth-code-point@^2.0.0:
  version "2.0.0"
  resolved "http://10.12.6.144:4873/is-fullwidth-code-point/-/is-fullwidth-code-point-2.0.0.tgz#a3b30a5c4f199183167aaab93beefae3ddfb654f"

isarray@~1.0.0:
  version "1.0.0"
  resolved "http://10.12.6.144:4873/isarray/-/isarray-1.0.0.tgz#bb935d48582cba168c06834957a54a3e07124f11"

kafka-node@^2.3.0:
  version "2.6.1"
  resolved "http://10.12.6.144:4873/kafka-node/-/kafka-node-2.6.1.tgz#e8aee3b642105574fabaa718dc4e90d24767a64d"
  dependencies:
    async "^2.5.0"
    binary "~0.3.0"
    bl "^1.2.0"
    buffer-crc32 "~0.2.5"
    buffermaker "~1.2.0"
    debug "^2.1.3"
    lodash "^4.17.4"
    minimatch "^3.0.2"
    nested-error-stacks "^2.0.0"
    node-zookeeper-client "~0.2.2"
    optional "^0.1.3"
    retry "^0.10.1"
    uuid "^3.0.0"
  optionalDependencies:
    snappy "^6.0.1"

lodash@^4.17.14, lodash@^4.17.4:
  version "4.17.15"
  resolved "http://10.12.6.144:4873/lodash/-/lodash-4.17.15.tgz#b447f6670a0455bbfeedd11392eff330ea097548"

long@1.1.2:
  version "1.1.2"
  resolved "http://10.12.6.144:4873/long/-/long-1.1.2.tgz#eaef5951ca7551d96926b82da242db9d6b28fb53"

media-typer@0.3.0, media-typer@^0.3.0:
  version "0.3.0"
  resolved "http://10.12.6.144:4873/media-typer/-/media-typer-0.3.0.tgz#8710d7af0aa626f8fffa1ce00168545263255748"

merge-descriptors@1.0.1, merge-descriptors@^1.0.1:
  version "1.0.1"
  resolved "http://10.12.6.144:4873/merge-descriptors/-/merge-descriptors-1.0.1.tgz#b00aaa556dd8b44568150ec9d1b953f3f90cbb61"

methods@^1.1.2, methods@~1.1.2:
  version "1.1.2"
  resolved "http://10.12.6.144:4873/methods/-/methods-1.1.2.tgz#5529a4d67654134edcc5266656835b0f851afcee"

mime-db@1.40.0:
  version "1.40.0"
  resolved "http://10.12.6.144:4873/mime-db/-/mime-db-1.40.0.tgz#a65057e998db090f732a68f6c276d387d4126c32"

mime-db@^1.30.0:
  version "1.42.0"
  resolved "http://10.12.6.144:4873/mime-db/-/mime-db-1.42.0.tgz#3e252907b4c7adb906597b4b65636272cf9e7bac"

mime-types@^2.1.17, mime-types@~2.1.24:
  version "2.1.24"
  resolved "http://10.12.6.144:4873/mime-types/-/mime-types-2.1.24.tgz#b6f8d0b3e951efb77dedeca194cff6d16f676f81"
  dependencies:
    mime-db "1.40.0"

mime@1.4.1:
  version "1.4.1"
  resolved "http://10.12.6.144:4873/mime/-/mime-1.4.1.tgz#121f9ebc49e3766f311a76e1fa1c8003c4b03aa6"

mime@1.6.0, mime@^1.4.1:
  version "1.6.0"
  resolved "http://10.12.6.144:4873/mime/-/mime-1.6.0.tgz#32cd9e5c64553bd58d19a568af452acff04981b1"

mimic-response@^2.0.0:
  version "2.0.0"
  resolved "http://10.12.6.144:4873/mimic-response/-/mimic-response-2.0.0.tgz#996a51c60adf12cb8a87d7fb8ef24c2f3d5ebb46"

minimatch@^3.0.2:
  version "3.0.4"
  resolved "http://10.12.6.144:4873/minimatch/-/minimatch-3.0.4.tgz#5166e286457f03306064be5497e8dbb0c3d32083"
  dependencies:
    brace-expansion "^1.1.7"

minimist@0.0.8:
  version "0.0.8"
  resolved "http://10.12.6.144:4873/minimist/-/minimist-0.0.8.tgz#857fcabfc3397d2625b8228262e86aa7a011b05d"

minimist@^1.2.0:
  version "1.2.0"
  resolved "http://10.12.6.144:4873/minimist/-/minimist-1.2.0.tgz#a35008b20f41383eec1fb914f4cd5df79a264284"

mkdirp@^0.5.1:
  version "0.5.1"
  resolved "http://10.12.6.144:4873/mkdirp/-/mkdirp-0.5.1.tgz#30057438eac6cf7f8c4767f38648d6697d75c903"
  dependencies:
    minimist "0.0.8"

ms@2.0.0:
  version "2.0.0"
  resolved "http://10.12.6.144:4873/ms/-/ms-2.0.0.tgz#5608aeadfc00be6c2901df5f9861788de0d597c8"

ms@2.1.1:
  version "2.1.1"
  resolved "http://10.12.6.144:4873/ms/-/ms-2.1.1.tgz#30a5864eb3ebb0a66f2ebe6d727af06a09d86e0a"

ms@^2.0.0:
  version "2.1.2"
  resolved "http://10.12.6.144:4873/ms/-/ms-2.1.2.tgz#d09d1f357b443f493382a8eb3ccd183872ae6009"

nan@^2.14.0:
  version "2.14.0"
  resolved "http://10.12.6.144:4873/nan/-/nan-2.14.0.tgz#7818f722027b2459a86f0295d434d1fc2336c52c"

napi-build-utils@^1.0.1:
  version "1.0.1"
  resolved "http://10.12.6.144:4873/napi-build-utils/-/napi-build-utils-1.0.1.tgz#1381a0f92c39d66bf19852e7873432fc2123e508"

negotiator@0.6.2, negotiator@^0.6.1:
  version "0.6.2"
  resolved "http://10.12.6.144:4873/negotiator/-/negotiator-0.6.2.tgz#feacf7ccf525a77ae9634436a64883ffeca346fb"

nested-error-stacks@^2.0.0:
  version "2.1.0"
  resolved "http://10.12.6.144:4873/nested-error-stacks/-/nested-error-stacks-2.1.0.tgz#0fbdcf3e13fe4994781280524f8b96b0cdff9c61"

node-abi@^2.7.0:
  version "2.11.0"
  resolved "http://10.12.6.144:4873/node-abi/-/node-abi-2.11.0.tgz#b7dce18815057544a049be5ae75cd1fdc2e9ea59"
  dependencies:
    semver "^5.4.1"

node-zookeeper-client@~0.2.2:
  version "0.2.3"
  resolved "http://10.12.6.144:4873/node-zookeeper-client/-/node-zookeeper-client-0.2.3.tgz#48c79129c56b8e898df9bd3bdad9e27dcad63851"
  dependencies:
    async "~0.2.7"
    underscore "~1.4.4"

noop-logger@^0.1.1:
  version "0.1.1"
  resolved "http://10.12.6.144:4873/noop-logger/-/noop-logger-0.1.1.tgz#94a2b1633c4f1317553007d8966fd0e841b6a4c2"

npmlog@^4.0.1:
  version "4.1.2"
  resolved "http://10.12.6.144:4873/npmlog/-/npmlog-4.1.2.tgz#08a7f2a8bf734604779a9efa4ad5cc717abb954b"
  dependencies:
    are-we-there-yet "~1.1.2"
    console-control-strings "~1.1.0"
    gauge "~2.7.3"
    set-blocking "~2.0.0"

number-is-nan@^1.0.0:
  version "1.0.1"
  resolved "http://10.12.6.144:4873/number-is-nan/-/number-is-nan-1.0.1.tgz#097b602b53422a522c1afb8790318336941a011d"

object-assign@^4.1.0:
  version "4.1.1"
  resolved "http://10.12.6.144:4873/object-assign/-/object-assign-4.1.1.tgz#2109adc7965887cfc05cbbd442cac8bfbb360863"

on-finished@^2.3.0, on-finished@~2.3.0:
  version "2.3.0"
  resolved "http://10.12.6.144:4873/on-finished/-/on-finished-2.3.0.tgz#20f1336481b083cd75337992a16971aa2d906947"
  dependencies:
    ee-first "1.1.1"

once@^1.3.1, once@^1.4.0:
  version "1.4.0"
  resolved "http://10.12.6.144:4873/once/-/once-1.4.0.tgz#583b1aa775961d4b113ac17d9c50baef9dd76bd1"
  dependencies:
    wrappy "1"

optional@^0.1.3:
  version "0.1.4"
  resolved "http://10.12.6.144:4873/optional/-/optional-0.1.4.tgz#cdb1a9bedc737d2025f690ceeb50e049444fd5b3"

parseurl@^1.3.2, parseurl@~1.3.3:
  version "1.3.3"
  resolved "http://10.12.6.144:4873/parseurl/-/parseurl-1.3.3.tgz#9da19e7bee8d12dff0513ed5b76957793bc2e8d4"

path-to-regexp@0.1.7, path-to-regexp@^0.1.7:
  version "0.1.7"
  resolved "http://10.12.6.144:4873/path-to-regexp/-/path-to-regexp-0.1.7.tgz#df604178005f522f15eb4490e7247a1bfaa67f8c"

prebuild-install@^5.2.2:
  version "5.3.2"
  resolved "http://10.12.6.144:4873/prebuild-install/-/prebuild-install-5.3.2.tgz#6392e9541ac0b879ef0f22b3d65037417eb2035e"
  dependencies:
    detect-libc "^1.0.3"
    expand-template "^2.0.3"
    github-from-package "0.0.0"
    minimist "^1.2.0"
    mkdirp "^0.5.1"
    napi-build-utils "^1.0.1"
    node-abi "^2.7.0"
    noop-logger "^0.1.1"
    npmlog "^4.0.1"
    pump "^3.0.0"
    rc "^1.2.7"
    simple-get "^3.0.3"
    tar-fs "^2.0.0"
    tunnel-agent "^0.6.0"
    which-pm-runs "^1.0.0"

process-nextick-args@~2.0.0:
  version "2.0.1"
  resolved "http://10.12.6.144:4873/process-nextick-args/-/process-nextick-args-2.0.1.tgz#7820d9b16120cc55ca9ae7792680ae7dba6d7fe2"

proxy-addr@^2.0.2, proxy-addr@~2.0.5:
  version "2.0.5"
  resolved "http://10.12.6.144:4873/proxy-addr/-/proxy-addr-2.0.5.tgz#34cbd64a2d81f4b1fd21e76f9f06c8a45299ee34"
  dependencies:
    forwarded "~0.1.2"
    ipaddr.js "1.9.0"

pump@^3.0.0:
  version "3.0.0"
  resolved "http://10.12.6.144:4873/pump/-/pump-3.0.0.tgz#b4a2116815bde2f4e1ea602354e8c75565107a64"
  dependencies:
    end-of-stream "^1.1.0"
    once "^1.3.1"

qs@6.7.0:
  version "6.7.0"
  resolved "http://10.12.6.144:4873/qs/-/qs-6.7.0.tgz#41dc1a015e3d581f1621776be31afb2876a9b1bc"

qs@^6.5.1:
  version "6.9.0"
  resolved "http://10.12.6.144:4873/qs/-/qs-6.9.0.tgz#d1297e2a049c53119cb49cca366adbbacc80b409"

range-parser@^1.2.0, range-parser@~1.2.0, range-parser@~1.2.1:
  version "1.2.1"
  resolved "http://10.12.6.144:4873/range-parser/-/range-parser-1.2.1.tgz#3cf37023d199e1c24d1a55b84800c2f3e6468031"

raw-body@2.4.0:
  version "2.4.0"
  resolved "http://10.12.6.144:4873/raw-body/-/raw-body-2.4.0.tgz#a1ce6fb9c9bc356ca52e89256ab59059e13d0332"
  dependencies:
    bytes "3.1.0"
    http-errors "1.7.2"
    iconv-lite "0.4.24"
    unpipe "1.0.0"

raw-body@^2.3.2:
  version "2.4.1"
  resolved "http://10.12.6.144:4873/raw-body/-/raw-body-2.4.1.tgz#30ac82f98bb5ae8c152e67149dac8d55153b168c"
  dependencies:
    bytes "3.1.0"
    http-errors "1.7.3"
    iconv-lite "0.4.24"
    unpipe "1.0.0"

rc@^1.2.7:
  version "1.2.8"
  resolved "http://10.12.6.144:4873/rc/-/rc-1.2.8.tgz#cd924bf5200a075b83c188cd6b9e211b7fc0d3ed"
  dependencies:
    deep-extend "^0.6.0"
    ini "~1.3.0"
    minimist "^1.2.0"
    strip-json-comments "~2.0.1"

readable-stream@^2.0.6, readable-stream@^2.3.5:
  version "2.3.6"
  resolved "http://10.12.6.144:4873/readable-stream/-/readable-stream-2.3.6.tgz#b11c27d88b8ff1fbe070643cf94b0c79ae1b0aaf"
  dependencies:
    core-util-is "~1.0.0"
    inherits "~2.0.3"
    isarray "~1.0.0"
    process-nextick-args "~2.0.0"
    safe-buffer "~5.1.1"
    string_decoder "~1.1.1"
    util-deprecate "~1.0.1"

readable-stream@^3.0.1, readable-stream@^3.1.1:
  version "3.4.0"
  resolved "http://10.12.6.144:4873/readable-stream/-/readable-stream-3.4.0.tgz#a51c26754658e0a3c21dbf59163bd45ba6f447fc"
  dependencies:
    inherits "^2.0.3"
    string_decoder "^1.1.1"
    util-deprecate "^1.0.1"

retry@^0.10.1:
  version "0.10.1"
  resolved "http://10.12.6.144:4873/retry/-/retry-0.10.1.tgz#e76388d217992c252750241d3d3956fed98d8ff4"

safe-buffer@5.1.2, safe-buffer@~5.1.0, safe-buffer@~5.1.1:
  version "5.1.2"
  resolved "http://10.12.6.144:4873/safe-buffer/-/safe-buffer-5.1.2.tgz#991ec69d296e0313747d59bdfd2b745c35f8828d"

safe-buffer@^5.0.1, safe-buffer@^5.1.1, safe-buffer@~5.2.0:
  version "5.2.0"
  resolved "http://10.12.6.144:4873/safe-buffer/-/safe-buffer-5.2.0.tgz#b74daec49b1148f88c64b68d49b1e815c1f2f519"

"safer-buffer@>= 2.1.2 < 3":
  version "2.1.2"
  resolved "http://10.12.6.144:4873/safer-buffer/-/safer-buffer-2.1.2.tgz#44fa161b0187b9549dd84bb91802f9bd8385cd6a"

semver@^5.4.1:
  version "5.7.1"
  resolved "http://10.12.6.144:4873/semver/-/semver-5.7.1.tgz#a954f931aeba508d307bbf069eff0c01c96116f7"

send@0.17.1:
  version "0.17.1"
  resolved "http://10.12.6.144:4873/send/-/send-0.17.1.tgz#c1d8b059f7900f7466dd4938bdc44e11ddb376c8"
  dependencies:
    debug "2.6.9"
    depd "~1.1.2"
    destroy "~1.0.4"
    encodeurl "~1.0.2"
    escape-html "~1.0.3"
    etag "~1.8.1"
    fresh "0.5.2"
    http-errors "~1.7.2"
    mime "1.6.0"
    ms "2.1.1"
    on-finished "~2.3.0"
    range-parser "~1.2.1"
    statuses "~1.5.0"

send@^0.16.1:
  version "0.16.2"
  resolved "http://10.12.6.144:4873/send/-/send-0.16.2.tgz#6ecca1e0f8c156d141597559848df64730a6bbc1"
  dependencies:
    debug "2.6.9"
    depd "~1.1.2"
    destroy "~1.0.4"
    encodeurl "~1.0.2"
    escape-html "~1.0.3"
    etag "~1.8.1"
    fresh "0.5.2"
    http-errors "~1.6.2"
    mime "1.4.1"
    ms "2.0.0"
    on-finished "~2.3.0"
    range-parser "~1.2.0"
    statuses "~1.4.0"

serve-static@1.14.1, serve-static@^1.13.1:
  version "1.14.1"
  resolved "http://10.12.6.144:4873/serve-static/-/serve-static-1.14.1.tgz#666e636dc4f010f7ef29970a88a674320898b2f9"
  dependencies:
    encodeurl "~1.0.2"
    escape-html "~1.0.3"
    parseurl "~1.3.3"
    send "0.17.1"

set-blocking@~2.0.0:
  version "2.0.0"
  resolved "http://10.12.6.144:4873/set-blocking/-/set-blocking-2.0.0.tgz#045f9782d011ae9a6803ddd382b24392b3d890f7"

setprototypeof@1.1.0:
  version "1.1.0"
  resolved "http://10.12.6.144:4873/setprototypeof/-/setprototypeof-1.1.0.tgz#d0bd85536887b6fe7c0d818cb962d9d91c54e656"

setprototypeof@1.1.1:
  version "1.1.1"
  resolved "http://10.12.6.144:4873/setprototypeof/-/setprototypeof-1.1.1.tgz#7e95acb24aa92f5885e0abef5ba131330d4ae683"

setprototypeof@^1.1.0:
  version "1.2.0"
  resolved "http://10.12.6.144:4873/setprototypeof/-/setprototypeof-1.2.0.tgz#66c9a24a73f9fc28cbe66b09fed3d33dcaf1b424"

signal-exit@^3.0.0:
  version "3.0.2"
  resolved "http://10.12.6.144:4873/signal-exit/-/signal-exit-3.0.2.tgz#b5fdc08f1287ea1178628e415e25132b73646c6d"

simple-concat@^1.0.0:
  version "1.0.0"
  resolved "http://10.12.6.144:4873/simple-concat/-/simple-concat-1.0.0.tgz#7344cbb8b6e26fb27d66b2fc86f9f6d5997521c6"

simple-get@^3.0.3:
  version "3.1.0"
  resolved "http://10.12.6.144:4873/simple-get/-/simple-get-3.1.0.tgz#b45be062435e50d159540b576202ceec40b9c6b3"
  dependencies:
    decompress-response "^4.2.0"
    once "^1.3.1"
    simple-concat "^1.0.0"

snappy@^6.0.1:
  version "6.2.3"
  resolved "http://10.12.6.144:4873/snappy/-/snappy-6.2.3.tgz#11690a8fcf0c71ff6b04e72ab32631804b2d265a"
  dependencies:
    bindings "^1.3.1"
    nan "^2.14.0"
    prebuild-install "^5.2.2"

"statuses@>= 1.4.0 < 2", "statuses@>= 1.5.0 < 2", statuses@^1.4.0, statuses@~1.5.0:
  version "1.5.0"
  resolved "http://10.12.6.144:4873/statuses/-/statuses-1.5.0.tgz#161c7dac177659fd9811f43771fa99381478628c"

statuses@~1.4.0:
  version "1.4.0"
  resolved "http://10.12.6.144:4873/statuses/-/statuses-1.4.0.tgz#bb73d446da2796106efcc1b601a253d6c46bd087"

string-width@^1.0.1:
  version "1.0.2"
  resolved "http://10.12.6.144:4873/string-width/-/string-width-1.0.2.tgz#118bdf5b8cdc51a2a7e70d211e07e2b0b9b107d3"
  dependencies:
    code-point-at "^1.0.0"
    is-fullwidth-code-point "^1.0.0"
    strip-ansi "^3.0.0"

"string-width@^1.0.2 || 2":
  version "2.1.1"
  resolved "http://10.12.6.144:4873/string-width/-/string-width-2.1.1.tgz#ab93f27a8dc13d28cac815c462143a6d9012ae9e"
  dependencies:
    is-fullwidth-code-point "^2.0.0"
    strip-ansi "^4.0.0"

string_decoder@^1.1.1:
  version "1.3.0"
  resolved "http://10.12.6.144:4873/string_decoder/-/string_decoder-1.3.0.tgz#42f114594a46cf1a8e30b0a84f56c78c3edac21e"
  dependencies:
    safe-buffer "~5.2.0"

string_decoder@~1.1.1:
  version "1.1.1"
  resolved "http://10.12.6.144:4873/string_decoder/-/string_decoder-1.1.1.tgz#9cf1611ba62685d7030ae9e4ba34149c3af03fc8"
  dependencies:
    safe-buffer "~5.1.0"

strip-ansi@^3.0.0, strip-ansi@^3.0.1:
  version "3.0.1"
  resolved "http://10.12.6.144:4873/strip-ansi/-/strip-ansi-3.0.1.tgz#6a385fb8853d952d5ff05d0e8aaf94278dc63dcf"
  dependencies:
    ansi-regex "^2.0.0"

strip-ansi@^4.0.0:
  version "4.0.0"
  resolved "http://10.12.6.144:4873/strip-ansi/-/strip-ansi-4.0.0.tgz#a8479022eb1ac368a871389b635262c505ee368f"
  dependencies:
    ansi-regex "^3.0.0"

strip-json-comments@~2.0.1:
  version "2.0.1"
  resolved "http://10.12.6.144:4873/strip-json-comments/-/strip-json-comments-2.0.1.tgz#3c531942e908c2697c0ec344858c286c7ca0a60a"

tar-fs@^2.0.0:
  version "2.0.0"
  resolved "http://10.12.6.144:4873/tar-fs/-/tar-fs-2.0.0.tgz#677700fc0c8b337a78bee3623fdc235f21d7afad"
  dependencies:
    chownr "^1.1.1"
    mkdirp "^0.5.1"
    pump "^3.0.0"
    tar-stream "^2.0.0"

tar-stream@^2.0.0:
  version "2.1.0"
  resolved "http://10.12.6.144:4873/tar-stream/-/tar-stream-2.1.0.tgz#d1aaa3661f05b38b5acc9b7020efdca5179a2cc3"
  dependencies:
    bl "^3.0.0"
    end-of-stream "^1.4.1"
    fs-constants "^1.0.0"
    inherits "^2.0.3"
    readable-stream "^3.1.1"

toidentifier@1.0.0:
  version "1.0.0"
  resolved "http://10.12.6.144:4873/toidentifier/-/toidentifier-1.0.0.tgz#7e1be3470f1e77948bc43d94a3c8f4d7752ba553"

"traverse@>=0.3.0 <0.4":
  version "0.3.9"
  resolved "http://10.12.6.144:4873/traverse/-/traverse-0.3.9.tgz#717b8f220cc0bb7b44e40514c22b2e8bbc70d8b9"

tunnel-agent@^0.6.0:
  version "0.6.0"
  resolved "http://10.12.6.144:4873/tunnel-agent/-/tunnel-agent-0.6.0.tgz#27a5dea06b36b04a0a9966774b290868f0fc40fd"
  dependencies:
    safe-buffer "^5.0.1"

type-is@^1.6.15, type-is@~1.6.17, type-is@~1.6.18:
  version "1.6.18"
  resolved "http://10.12.6.144:4873/type-is/-/type-is-1.6.18.tgz#4e552cd05df09467dcbc4ef739de89f2cf37c131"
  dependencies:
    media-typer "0.3.0"
    mime-types "~2.1.24"

underscore@~1.4.4:
  version "1.4.4"
  resolved "http://10.12.6.144:4873/underscore/-/underscore-1.4.4.tgz#61a6a32010622afa07963bf325203cf12239d604"

unpipe@1.0.0, unpipe@^1.0.0, unpipe@~1.0.0:
  version "1.0.0"
  resolved "http://10.12.6.144:4873/unpipe/-/unpipe-1.0.0.tgz#b2bf4ee8514aae6165b4817829d21b2ef49904ec"

util-deprecate@^1.0.1, util-deprecate@~1.0.1:
  version "1.0.2"
  resolved "http://10.12.6.144:4873/util-deprecate/-/util-deprecate-1.0.2.tgz#450d4dc9fa70de732762fbd2d4a28981419a0ccf"

utils-merge@1.0.1, utils-merge@^1.0.1:
  version "1.0.1"
  resolved "http://10.12.6.144:4873/utils-merge/-/utils-merge-1.0.1.tgz#9f95710f50a267947b2ccc124741c1028427e713"

uuid@^3.0.0:
  version "3.3.3"
  resolved "http://10.12.6.144:4873/uuid/-/uuid-3.3.3.tgz#4568f0216e78760ee1dbf3a4d2cf53e224112866"

vary@^1.1.2, vary@~1.1.2:
  version "1.1.2"
  resolved "http://10.12.6.144:4873/vary/-/vary-1.1.2.tgz#2299f02c6ded30d4a5961b0b9f74524a18f634fc"

which-pm-runs@^1.0.0:
  version "1.0.0"
  resolved "http://10.12.6.144:4873/which-pm-runs/-/which-pm-runs-1.0.0.tgz#670b3afbc552e0b55df6b7780ca74615f23ad1cb"

wide-align@^1.1.0:
  version "1.1.3"
  resolved "http://10.12.6.144:4873/wide-align/-/wide-align-1.1.3.tgz#ae074e6bdc0c14a431e804e624549c633b000457"
  dependencies:
    string-width "^1.0.2 || 2"

wrappy@1:
  version "1.0.2"
  resolved "http://10.12.6.144:4873/wrappy/-/wrappy-1.0.2.tgz#b5243d8f3ec1aa35f1364605bc0d1036e30ab69f"

ws@^5.1.0:
  version "5.2.2"
  resolved "http://10.12.6.144:4873/ws/-/ws-5.2.2.tgz#dffef14866b8e8dc9133582514d1befaf96e980f"
  dependencies:
    async-limiter "~1.0.0"
